// !$*UTF8*$!
{
	archiveVersion = 1;
	classes = {
	};
	objectVersion = 50;
	objects = {

/* Begin PBXBuildFile section */
		2537F81324107E8100050F05 /* WeatherBG_Sun.png in Resources */ = {isa = PBXBuildFile; fileRef = 2537F81224107E8100050F05 /* WeatherBG_Sun.png */; };
		2537F81524107EB000050F05 /* weather_icon_sun_cloud.png in Resources */ = {isa = PBXBuildFile; fileRef = 2537F81424107EB000050F05 /* weather_icon_sun_cloud.png */; };
		2545117F23F280A300208FF3 /* AppDelegate.swift in Sources */ = {isa = PBXBuildFile; fileRef = 2545117E23F280A300208FF3 /* AppDelegate.swift */; };
		2545118123F280A300208FF3 /* SceneDelegate.swift in Sources */ = {isa = PBXBuildFile; fileRef = 2545118023F280A300208FF3 /* SceneDelegate.swift */; };
		2545118323F280A300208FF3 /* ViewController.swift in Sources */ = {isa = PBXBuildFile; fileRef = 2545118223F280A300208FF3 /* ViewController.swift */; };
		2545118623F280A300208FF3 /* Main.storyboard in Resources */ = {isa = PBXBuildFile; fileRef = 2545118423F280A300208FF3 /* Main.storyboard */; };
		2545118823F280A500208FF3 /* Assets.xcassets in Resources */ = {isa = PBXBuildFile; fileRef = 2545118723F280A500208FF3 /* Assets.xcassets */; };
		2545118B23F280A500208FF3 /* LaunchScreen.storyboard in Resources */ = {isa = PBXBuildFile; fileRef = 2545118923F280A500208FF3 /* LaunchScreen.storyboard */; };
/* End PBXBuildFile section */

/* Begin PBXFileReference section */
		2537F81224107E8100050F05 /* WeatherBG_Sun.png */ = {isa = PBXFileReference; lastKnownFileType = image.png; name = WeatherBG_Sun.png; path = ../../image/WeatherBG_Sun.png; sourceTree = "<group>"; };
		2537F81424107EB000050F05 /* weather_icon_sun_cloud.png */ = {isa = PBXFileReference; lastKnownFileType = image.png; name = weather_icon_sun_cloud.png; path = ../../image/weather_icon_sun_cloud.png; sourceTree = "<group>"; };
		2545117B23F280A300208FF3 /* Basic1.app */ = {isa = PBXFileReference; explicitFileType = wrapper.application; includeInIndex = 0; path = Basic1.app; sourceTree = BUILT_PRODUCTS_DIR; };
		2545117E23F280A300208FF3 /* AppDelegate.swift */ = {isa = PBXFileReference; lastKnownFileType = sourcecode.swift; path = AppDelegate.swift; sourceTree = "<group>"; };
		2545118023F280A300208FF3 /* SceneDelegate.swift */ = {isa = PBXFileReference; lastKnownFileType = sourcecode.swift; path = SceneDelegate.swift; sourceTree = "<group>"; };
		2545118223F280A300208FF3 /* ViewController.swift */ = {isa = PBXFileReference; lastKnownFileType = sourcecode.swift; path = ViewController.swift; sourceTree = "<group>"; };
		2545118523F280A300208FF3 /* Base */ = {isa = PBXFileReference; lastKnownFileType = file.storyboard; name = Base; path = Base.lproj/Main.storyboard; sourceTree = "<group>"; };
		2545118723F280A500208FF3 /* Assets.xcassets */ = {isa = PBXFileReference; lastKnownFileType = folder.assetcatalog; path = Assets.xcassets; sourceTree = "<group>"; };
		2545118A23F280A500208FF3 /* Base */ = {isa = PBXFileReference; lastKnownFileType = file.storyboard; name = Base; path = Base.lproj/LaunchScreen.storyboard; sourceTree = "<group>"; };
		2545118C23F280A500208FF3 /* Info.plist */ = {isa = PBXFileReference; lastKnownFileType = text.plist.xml; path = Info.plist; sourceTree = "<group>"; };
/* End PBXFileReference section */

/* Begin PBXFrameworksBuildPhase section */
		2545117823F280A300208FF3 /* Frameworks */ = {
			isa = PBXFrameworksBuildPhase;
			buildActionMask = 2147483647;
			files = (
			);
			runOnlyForDeploymentPostprocessing = 0;
		};
/* End PBXFrameworksBuildPhase section */

/* Begin PBXGroup section */
		2545117223F280A300208FF3 = {
			isa = PBXGroup;
			children = (
				2545117D23F280A300208FF3 /* Basic1 */,
				2545117C23F280A300208FF3 /* Products */,
			);
			sourceTree = "<group>";
		};
		2545117C23F280A300208FF3 /* Products */ = {
			isa = PBXGroup;
			children = (
				2545117B23F280A300208FF3 /* Basic1.app */,
			);
			name = Products;
			sourceTree = "<group>";
		};
		2545117D23F280A300208FF3 /* Basic1 */ = {
			isa = PBXGroup;
			children = (
				2545117E23F280A300208FF3 /* AppDelegate.swift */,
				2545118023F280A300208FF3 /* SceneDelegate.swift */,
				2545118223F280A300208FF3 /* ViewController.swift */,
				2545118423F280A300208FF3 /* Main.storyboard */,
				2545118723F280A500208FF3 /* Assets.xcassets */,
				2537F81224107E8100050F05 /* WeatherBG_Sun.png */,
				2537F81424107EB000050F05 /* weather_icon_sun_cloud.png */,
				2545118923F280A500208FF3 /* LaunchScreen.storyboard */,
				2545118C23F280A500208FF3 /* Info.plist */,
			);
			path = Basic1;
			sourceTree = "<group>";
		};
/* End PBXGroup section */

/* Begin PBXNativeTarget section */
		2545117A23F280A300208FF3 /* Basic1 */ = {
			isa = PBXNativeTarget;
			buildConfigurationList = 2545118F23F280A500208FF3 /* Build configuration list for PBXNativeTarget "Basic1" */;
			buildPhases = (
				2545117723F280A300208FF3 /* Sources */,
				2545117823F280A300208FF3 /* Frameworks */,
				2545117923F280A300208FF3 /* Resources */,
			);
			buildRules = (
			);
			dependencies = (
			);
			name = Basic1;
			productName = Basic1;
			productReference = 2545117B23F280A300208FF3 /* Basic1.app */;
			productType = "com.apple.product-type.application";
		};
/* End PBXNativeTarget section */

/* Begin PBXProject section */
		2545117323F280A300208FF3 /* Project object */ = {
			isa = PBXProject;
			attributes = {
				LastSwiftUpdateCheck = 1130;
				LastUpgradeCheck = 1130;
				ORGANIZATIONNAME = "김지나";
				TargetAttributes = {
					2545117A23F280A300208FF3 = {
						CreatedOnToolsVersion = 11.3.1;
					};
				};
			};
			buildConfigurationList = 2545117623F280A300208FF3 /* Build configuration list for PBXProject "Basic1" */;
			compatibilityVersion = "Xcode 9.3";
			developmentRegion = en;
			hasScannedForEncodings = 0;
			knownRegions = (
				en,
				Base,
			);
			mainGroup = 2545117223F280A300208FF3;
			productRefGroup = 2545117C23F280A300208FF3 /* Products */;
			projectDirPath = "";
			projectRoot = "";
			targets = (
				2545117A23F280A300208FF3 /* Basic1 */,
			);
		};
/* End PBXProject section */

/* Begin PBXResourcesBuildPhase section */
		2545117923F280A300208FF3 /* Resources */ = {
			isa = PBXResourcesBuildPhase;
			buildActionMask = 2147483647;
			files = (
				2545118B23F280A500208FF3 /* LaunchScreen.storyboard in Resources */,
				2545118823F280A500208FF3 /* Assets.xcassets in Resources */,
				2537F81524107EB000050F05 /* weather_icon_sun_cloud.png in Resources */,
				2537F81324107E8100050F05 /* WeatherBG_Sun.png in Resources */,
				2545118623F280A300208FF3 /* Main.storyboard in Resources */,
			);
			runOnlyForDeploymentPostprocessing = 0;
		};
/* End PBXResourcesBuildPhase section */

/* Begin PBXSourcesBuildPhase section */
		2545117723F280A300208FF3 /* Sources */ = {
			isa = PBXSourcesBuildPhase;
			buildActionMask = 2147483647;
			files = (
				2545118323F280A300208FF3 /* ViewController.swift in Sources */,
				2545117F23F280A300208FF3 /* AppDelegate.swift in Sources */,
				2545118123F280A300208FF3 /* SceneDelegate.swift in Sources */,
			);
			runOnlyForDeploymentPostprocessing = 0;
		};
/* End PBXSourcesBuildPhase section */

/* Begin PBXVariantGroup section */
		2545118423F280A300208FF3 /* Main.storyboard */ = {
			isa = PBXVariantGroup;
			children = (
				2545118523F280A300208FF3 /* Base */,
			);
			name = Main.storyboard;
			sourceTree = "<group>";
		};
		2545118923F280A500208FF3 /* LaunchScreen.storyboard */ = {
			isa = PBXVariantGroup;
			children = (
				2545118A23F280A500208FF3 /* Base */,
			);
			name = LaunchScreen.storyboard;
			sourceTree = "<group>";
		};
/* End PBXVariantGroup section */

/* Begin XCBuildConfiguration section */
		2545118D23F280A500208FF3 /* Debug */ = {
			isa = XCBuildConfiguration;
			buildSettings = {
				ALWAYS_SEARCH_USER_PATHS = NO;
				CLANG_ANALYZER_NONNULL = YES;
				CLANG_ANALYZER_NUMBER_OBJECT_CONVERSION = YES_AGGRESSIVE;
				CLANG_CXX_LANGUAGE_STANDARD = "gnu++14";
				CLANG_CXX_LIBRARY = "libc++";
				CLANG_ENABLE_MODULES = YES;
				CLANG_ENABLE_OBJC_ARC = YES;
				CLANG_ENABLE_OBJC_WEAK = YES;
				CLANG_WARN_BLOCK_CAPTURE_AUTORELEASING = YES;
				CLANG_WARN_BOOL_CONVERSION = YES;
				CLANG_WARN_COMMA = YES;
				CLANG_WARN_CONSTANT_CONVERSION = YES;
				CLANG_WARN_DEPRECATED_OBJC_IMPLEMENTATIONS = YES;
				CLANG_WARN_DIRECT_OBJC_ISA_USAGE = YES_ERROR;
				CLANG_WARN_DOCUMENTATION_COMMENTS = YES;
				CLANG_WARN_EMPTY_BODY = YES;
				CLANG_WARN_ENUM_CONVERSION = YES;
				CLANG_WARN_INFINITE_RECURSION = YES;
				CLANG_WARN_INT_CONVERSION = YES;
				CLANG_WARN_NON_LITERAL_NULL_CONVERSION = YES;
				CLANG_WARN_OBJC_IMPLICIT_RETAIN_SELF = YES;
				CLANG_WARN_OBJC_LITERAL_CONVERSION = YES;
				CLANG_WARN_OBJC_ROOT_CLASS = YES_ERROR;
				CLANG_WARN_RANGE_LOOP_ANALYSIS = YES;
				CLANG_WARN_STRICT_PROTOTYPES = YES;
				CLANG_WARN_SUSPICIOUS_MOVE = YES;
				CLANG_WARN_UNGUARDED_AVAILABILITY = YES_AGGRESSIVE;
				CLANG_WARN_UNREACHABLE_CODE = YES;
				CLANG_WARN__DUPLICATE_METHOD_MATCH = YES;
				COPY_PHASE_STRIP = NO;
				DEBUG_INFORMATION_FORMAT = dwarf;
				ENABLE_STRICT_OBJC_MSGSEND = YES;
				ENABLE_TESTABILITY = YES;
				GCC_C_LANGUAGE_STANDARD = gnu11;
				GCC_DYNAMIC_NO_PIC = NO;
				GCC_NO_COMMON_BLOCKS = YES;
				GCC_OPTIMIZATION_LEVEL = 0;
				GCC_PREPROCESSOR_DEFINITIONS = (
					"DEBUG=1",
					"$(inherited)",
				);
				GCC_WARN_64_TO_32_BIT_CONVERSION = YES;
				GCC_WARN_ABOUT_RETURN_TYPE = YES_ERROR;
				GCC_WARN_UNDECLARED_SELECTOR = YES;
				GCC_WARN_UNINITIALIZED_AUTOS = YES_AGGRESSIVE;
				GCC_WARN_UNUSED_FUNCTION = YES;
				GCC_WARN_UNUSED_VARIABLE = YES;
				IPHONEOS_DEPLOYMENT_TARGET = 13.2;
				MTL_ENABLE_DEBUG_INFO = INCLUDE_SOURCE;
				MTL_FAST_MATH = YES;
				ONLY_ACTIVE_ARCH = YES;
				SDKROOT = iphoneos;
				SWIFT_ACTIVE_COMPILATION_CONDITIONS = DEBUG;
				SWIFT_OPTIMIZATION_LEVEL = "-Onone";
			};
			name = Debug;
		};
		2545118E23F280A500208FF3 /* Release */ = {
			isa = XCBuildConfiguration;
			buildSettings = {
				ALWAYS_SEARCH_USER_PATHS = NO;
				CLANG_ANALYZER_NONNULL = YES;
				CLANG_ANALYZER_NUMBER_OBJECT_CONVERSION = YES_AGGRESSIVE;
				CLANG_CXX_LANGUAGE_STANDARD = "gnu++14";
				CLANG_CXX_LIBRARY = "libc++";
				CLANG_ENABLE_MODULES = YES;
				CLANG_ENABLE_OBJC_ARC = YES;
				CLANG_ENABLE_OBJC_WEAK = YES;
				CLANG_WARN_BLOCK_CAPTURE_AUTORELEASING = YES;
				CLANG_WARN_BOOL_CONVERSION = YES;
				CLANG_WARN_COMMA = YES;
				CLANG_WARN_CONSTANT_CONVERSION = YES;
				CLANG_WARN_DEPRECATED_OBJC_IMPLEMENTATIONS = YES;
				CLANG_WARN_DIRECT_OBJC_ISA_USAGE = YES_ERROR;
				CLANG_WARN_DOCUMENTATION_COMMENTS = YES;
				CLANG_WARN_EMPTY_BODY = YES;
				CLANG_WARN_ENUM_CONVERSION = YES;
				CLANG_WARN_INFINITE_RECURSION = YES;
				CLANG_WARN_INT_CONVERSION = YES;
				CLANG_WARN_NON_LITERAL_NULL_CONVERSION = YES;
				CLANG_WARN_OBJC_IMPLICIT_RETAIN_SELF = YES;
				CLANG_WARN_OBJC_LITERAL_CONVERSION = YES;
				CLANG_WARN_OBJC_ROOT_CLASS = YES_ERROR;
				CLANG_WARN_RANGE_LOOP_ANALYSIS = YES;
				CLANG_WARN_STRICT_PROTOTYPES = YES;
				CLANG_WARN_SUSPICIOUS_MOVE = YES;
				CLANG_WARN_UNGUARDED_AVAILABILITY = YES_AGGRESSIVE;
				CLANG_WARN_UNREACHABLE_CODE = YES;
				CLANG_WARN__DUPLICATE_METHOD_MATCH = YES;
				COPY_PHASE_STRIP = NO;
				DEBUG_INFORMATION_FORMAT = "dwarf-with-dsym";
				ENABLE_NS_ASSERTIONS = NO;
				ENABLE_STRICT_OBJC_MSGSEND = YES;
				GCC_C_LANGUAGE_STANDARD = gnu11;
				GCC_NO_COMMON_BLOCKS = YES;
				GCC_WARN_64_TO_32_BIT_CONVERSION = YES;
				GCC_WARN_ABOUT_RETURN_TYPE = YES_ERROR;
				GCC_WARN_UNDECLARED_SELECTOR = YES;
				GCC_WARN_UNINITIALIZED_AUTOS = YES_AGGRESSIVE;
				GCC_WARN_UNUSED_FUNCTION = YES;
				GCC_WARN_UNUSED_VARIABLE = YES;
				IPHONEOS_DEPLOYMENT_TARGET = 13.2;
				MTL_ENABLE_DEBUG_INFO = NO;
				MTL_FAST_MATH = YES;
				SDKROOT = iphoneos;
				SWIFT_COMPILATION_MODE = wholemodule;
				SWIFT_OPTIMIZATION_LEVEL = "-O";
				VALIDATE_PRODUCT = YES;
			};
			name = Release;
		};
		2545119023F280A500208FF3 /* Debug */ = {
			isa = XCBuildConfiguration;
			buildSettings = {
				ASSETCATALOG_COMPILER_APPICON_NAME = AppIcon;
				CODE_SIGN_STYLE = Automatic;
				INFOPLIST_FILE = Basic1/Info.plist;
				LD_RUNPATH_SEARCH_PATHS = (
					"$(inherited)",
					"@executable_path/Frameworks",
				);
				PRODUCT_BUNDLE_IDENTIFIER = jina.Basic1;
				PRODUCT_NAME = "$(TARGET_NAME)";
				SWIFT_VERSION = 5.0;
				TARGETED_DEVICE_FAMILY = "1,2";
			};
			name = Debug;
		};
		2545119123F280A500208FF3 /* Release */ = {
			isa = XCBuildConfiguration;
			buildSettings = {
				ASSETCATALOG_COMPILER_APPICON_NAME = AppIcon;
				CODE_SIGN_STYLE = Automatic;
				INFOPLIST_FILE = Basic1/Info.plist;
				LD_RUNPATH_SEARCH_PATHS = (
					"$(inherited)",
					"@executable_path/Frameworks",
				);
				PRODUCT_BUNDLE_IDENTIFIER = jina.Basic1;
				PRODUCT_NAME = "$(TARGET_NAME)";
				SWIFT_VERSION = 5.0;
				TARGETED_DEVICE_FAMILY = "1,2";
			};
			name = Release;
		};
/* End XCBuildConfiguration section */

/* Begin XCConfigurationList section */
		2545117623F280A300208FF3 /* Build configuration list for PBXProject "Basic1" */ = {
			isa = XCConfigurationList;
			buildConfigurations = (
				2545118D23F280A500208FF3 /* Debug */,
				2545118E23F280A500208FF3 /* Release */,
			);
			defaultConfigurationIsVisible = 0;
			defaultConfigurationName = Release;
		};
		2545118F23F280A500208FF3 /* Build configuration list for PBXNativeTarget "Basic1" */ = {
			isa = XCConfigurationList;
			buildConfigurations = (
				2545119023F280A500208FF3 /* Debug */,
				2545119123F280A500208FF3 /* Release */,
			);
			defaultConfigurationIsVisible = 0;
			defaultConfigurationName = Release;
		};
/* End XCConfigurationList section */
	};
	rootObject = 2545117323F280A300208FF3 /* Project object */;
}
